
Microsoft Visual Studio Solution File, Format Version 12.00
# Visual Studio Version 17
VisualStudioVersion = 17.5.002.0
MinimumVisualStudioVersion = 10.0.40219.1
Project("{9A19103F-16F7-4668-BE54-9A1E7A4F7556}") = "Escambo.Domain", "Escambo.Domain\Escambo.Domain.csproj", "{0966E8B4-AD6C-4571-974A-1222660E3E59}"
EndProject
Project("{FAE04EC0-301F-11D3-BF4B-00C04F79EFBC}") = "Escambo.Persistence", "Escambo.Persistence\Escambo.Persistence.csproj", "{71CA51FE-EAF2-4AFB-A4A0-B2AA9E49F21B}"
EndProject
Global
	GlobalSection(SolutionConfigurationPlatforms) = preSolution
		Debug|Any CPU = Debug|Any CPU
		Release|Any CPU = Release|Any CPU
	EndGlobalSection
	GlobalSection(ProjectConfigurationPlatforms) = postSolution
		{0966E8B4-AD6C-4571-974A-1222660E3E59}.Debug|Any CPU.ActiveCfg = Debug|Any CPU
		{0966E8B4-AD6C-4571-974A-1222660E3E59}.Debug|Any CPU.Build.0 = Debug|Any CPU
		{0966E8B4-AD6C-4571-974A-1222660E3E59}.Release|Any CPU.ActiveCfg = Release|Any CPU
		{0966E8B4-AD6C-4571-974A-1222660E3E59}.Release|Any CPU.Build.0 = Release|Any CPU
		{71CA51FE-EAF2-4AFB-A4A0-B2AA9E49F21B}.Debug|Any CPU.ActiveCfg = Debug|Any CPU
		{71CA51FE-EAF2-4AFB-A4A0-B2AA9E49F21B}.Debug|Any CPU.Build.0 = Debug|Any CPU
		{71CA51FE-EAF2-4AFB-A4A0-B2AA9E49F21B}.Release|Any CPU.ActiveCfg = Release|Any CPU
		{71CA51FE-EAF2-4AFB-A4A0-B2AA9E49F21B}.Release|Any CPU.Build.0 = Release|Any CPU
	EndGlobalSection
	GlobalSection(SolutionProperties) = preSolution
		HideSolutionNode = FALSE
	EndGlobalSection
	GlobalSection(ExtensibilityGlobals) = postSolution
		SolutionGuid = {140426B2-AB83-4860-B279-A9EE530EE755}
	EndGlobalSection
EndGlobal
